
Microsoft Visual Studio Solution File, Format Version 12.00
# Visual Studio Version 17
VisualStudioVersion = 17.0.31903.59
MinimumVisualStudioVersion = 10.0.40219.1
Project("{2150E333-8FDC-42A3-9474-1A3956D46DE8}") = "src", "src", "{827E0CD3-B72D-47B6-A68D-7590B98EB39B}"
EndProject
Project("{FAE04EC0-301F-11D3-BF4B-00C04F79EFBC}") = "AeroQ.Core", "src\AeroQ.Core\AeroQ.Core.csproj", "{76134D58-7FAB-4A80-B255-A65CE1FF974C}"
EndProject
Project("{FAE04EC0-301F-11D3-BF4B-00C04F79EFBC}") = "AeroQ.Server", "src\AeroQ.Server\AeroQ.Server.csproj", "{4929834A-196A-444D-8B5E-1AACF9BDBBB9}"
EndProject
Project("{FAE04EC0-301F-11D3-BF4B-00C04F79EFBC}") = "AeroQ.Client", "src\AeroQ.Client\AeroQ.Client.csproj", "{81A5BC14-DDDA-49EF-B238-66161B669931}"
EndProject
Project("{FAE04EC0-301F-11D3-BF4B-00C04F79EFBC}") = "AeroQ.Worker", "src\AeroQ.Worker\AeroQ.Worker.csproj", "{A90856EF-A7C5-493F-B1C9-E9F5F71B637A}"
EndProject
Project("{2150E333-8FDC-42A3-9474-1A3956D46DE8}") = "samples", "samples", "{5D20AA90-6969-D8BD-9DCD-8634F4692FDA}"
EndProject
Project("{FAE04EC0-301F-11D3-BF4B-00C04F79EFBC}") = "SampleProducer", "samples\SampleProducer\SampleProducer.csproj", "{444EA320-59A8-4B2F-9B19-F7D915449CB1}"
EndProject
Project("{FAE04EC0-301F-11D3-BF4B-00C04F79EFBC}") = "SampleWorker", "samples\SampleWorker\SampleWorker.csproj", "{9D526713-5049-43FA-82E8-1732BA4FA979}"
EndProject
Project("{2150E333-8FDC-42A3-9474-1A3956D46DE8}") = "Solution Items", "Solution Items", "{E5DCE07E-1B45-4C10-8958-AD2B23C85B8D}"
	ProjectSection(SolutionItems) = preProject
		compose.yaml = compose.yaml
	EndProjectSection
EndProject
Project("{FAE04EC0-301F-11D3-BF4B-00C04F79EFBC}") = "AeroQ.Dashboard", "src\AeroQ.Dashboard\AeroQ.Dashboard.csproj", "{5DA327AD-4CD7-4684-B69A-C350B73D6D0E}"
EndProject
Global
	GlobalSection(SolutionConfigurationPlatforms) = preSolution
		Debug|Any CPU = Debug|Any CPU
		Debug|x64 = Debug|x64
		Debug|x86 = Debug|x86
		Release|Any CPU = Release|Any CPU
		Release|x64 = Release|x64
		Release|x86 = Release|x86
	EndGlobalSection
	GlobalSection(ProjectConfigurationPlatforms) = postSolution
		{76134D58-7FAB-4A80-B255-A65CE1FF974C}.Debug|Any CPU.ActiveCfg = Debug|Any CPU
		{76134D58-7FAB-4A80-B255-A65CE1FF974C}.Debug|Any CPU.Build.0 = Debug|Any CPU
		{76134D58-7FAB-4A80-B255-A65CE1FF974C}.Debug|x64.ActiveCfg = Debug|Any CPU
		{76134D58-7FAB-4A80-B255-A65CE1FF974C}.Debug|x64.Build.0 = Debug|Any CPU
		{76134D58-7FAB-4A80-B255-A65CE1FF974C}.Debug|x86.ActiveCfg = Debug|Any CPU
		{76134D58-7FAB-4A80-B255-A65CE1FF974C}.Debug|x86.Build.0 = Debug|Any CPU
		{76134D58-7FAB-4A80-B255-A65CE1FF974C}.Release|Any CPU.ActiveCfg = Release|Any CPU
		{76134D58-7FAB-4A80-B255-A65CE1FF974C}.Release|Any CPU.Build.0 = Release|Any CPU
		{76134D58-7FAB-4A80-B255-A65CE1FF974C}.Release|x64.ActiveCfg = Release|Any CPU
		{76134D58-7FAB-4A80-B255-A65CE1FF974C}.Release|x64.Build.0 = Release|Any CPU
		{76134D58-7FAB-4A80-B255-A65CE1FF974C}.Release|x86.ActiveCfg = Release|Any CPU
		{76134D58-7FAB-4A80-B255-A65CE1FF974C}.Release|x86.Build.0 = Release|Any CPU
		{4929834A-196A-444D-8B5E-1AACF9BDBBB9}.Debug|Any CPU.ActiveCfg = Debug|Any CPU
		{4929834A-196A-444D-8B5E-1AACF9BDBBB9}.Debug|Any CPU.Build.0 = Debug|Any CPU
		{4929834A-196A-444D-8B5E-1AACF9BDBBB9}.Debug|x64.ActiveCfg = Debug|Any CPU
		{4929834A-196A-444D-8B5E-1AACF9BDBBB9}.Debug|x64.Build.0 = Debug|Any CPU
		{4929834A-196A-444D-8B5E-1AACF9BDBBB9}.Debug|x86.ActiveCfg = Debug|Any CPU
		{4929834A-196A-444D-8B5E-1AACF9BDBBB9}.Debug|x86.Build.0 = Debug|Any CPU
		{4929834A-196A-444D-8B5E-1AACF9BDBBB9}.Release|Any CPU.ActiveCfg = Release|Any CPU
		{4929834A-196A-444D-8B5E-1AACF9BDBBB9}.Release|Any CPU.Build.0 = Release|Any CPU
		{4929834A-196A-444D-8B5E-1AACF9BDBBB9}.Release|x64.ActiveCfg = Release|Any CPU
		{4929834A-196A-444D-8B5E-1AACF9BDBBB9}.Release|x64.Build.0 = Release|Any CPU
		{4929834A-196A-444D-8B5E-1AACF9BDBBB9}.Release|x86.ActiveCfg = Release|Any CPU
		{4929834A-196A-444D-8B5E-1AACF9BDBBB9}.Release|x86.Build.0 = Release|Any CPU
		{81A5BC14-DDDA-49EF-B238-66161B669931}.Debug|Any CPU.ActiveCfg = Debug|Any CPU
		{81A5BC14-DDDA-49EF-B238-66161B669931}.Debug|Any CPU.Build.0 = Debug|Any CPU
		{81A5BC14-DDDA-49EF-B238-66161B669931}.Debug|x64.ActiveCfg = Debug|Any CPU
		{81A5BC14-DDDA-49EF-B238-66161B669931}.Debug|x64.Build.0 = Debug|Any CPU
		{81A5BC14-DDDA-49EF-B238-66161B669931}.Debug|x86.ActiveCfg = Debug|Any CPU
		{81A5BC14-DDDA-49EF-B238-66161B669931}.Debug|x86.Build.0 = Debug|Any CPU
		{81A5BC14-DDDA-49EF-B238-66161B669931}.Release|Any CPU.ActiveCfg = Release|Any CPU
		{81A5BC14-DDDA-49EF-B238-66161B669931}.Release|Any CPU.Build.0 = Release|Any CPU
		{81A5BC14-DDDA-49EF-B238-66161B669931}.Release|x64.ActiveCfg = Release|Any CPU
		{81A5BC14-DDDA-49EF-B238-66161B669931}.Release|x64.Build.0 = Release|Any CPU
		{81A5BC14-DDDA-49EF-B238-66161B669931}.Release|x86.ActiveCfg = Release|Any CPU
		{81A5BC14-DDDA-49EF-B238-66161B669931}.Release|x86.Build.0 = Release|Any CPU
		{A90856EF-A7C5-493F-B1C9-E9F5F71B637A}.Debug|Any CPU.ActiveCfg = Debug|Any CPU
		{A90856EF-A7C5-493F-B1C9-E9F5F71B637A}.Debug|Any CPU.Build.0 = Debug|Any CPU
		{A90856EF-A7C5-493F-B1C9-E9F5F71B637A}.Debug|x64.ActiveCfg = Debug|Any CPU
		{A90856EF-A7C5-493F-B1C9-E9F5F71B637A}.Debug|x64.Build.0 = Debug|Any CPU
		{A90856EF-A7C5-493F-B1C9-E9F5F71B637A}.Debug|x86.ActiveCfg = Debug|Any CPU
		{A90856EF-A7C5-493F-B1C9-E9F5F71B637A}.Debug|x86.Build.0 = Debug|Any CPU
		{A90856EF-A7C5-493F-B1C9-E9F5F71B637A}.Release|Any CPU.ActiveCfg = Release|Any CPU
		{A90856EF-A7C5-493F-B1C9-E9F5F71B637A}.Release|Any CPU.Build.0 = Release|Any CPU
		{A90856EF-A7C5-493F-B1C9-E9F5F71B637A}.Release|x64.ActiveCfg = Release|Any CPU
		{A90856EF-A7C5-493F-B1C9-E9F5F71B637A}.Release|x64.Build.0 = Release|Any CPU
		{A90856EF-A7C5-493F-B1C9-E9F5F71B637A}.Release|x86.ActiveCfg = Release|Any CPU
		{A90856EF-A7C5-493F-B1C9-E9F5F71B637A}.Release|x86.Build.0 = Release|Any CPU
		{444EA320-59A8-4B2F-9B19-F7D915449CB1}.Debug|Any CPU.ActiveCfg = Debug|Any CPU
		{444EA320-59A8-4B2F-9B19-F7D915449CB1}.Debug|Any CPU.Build.0 = Debug|Any CPU
		{444EA320-59A8-4B2F-9B19-F7D915449CB1}.Debug|x64.ActiveCfg = Debug|Any CPU
		{444EA320-59A8-4B2F-9B19-F7D915449CB1}.Debug|x64.Build.0 = Debug|Any CPU
		{444EA320-59A8-4B2F-9B19-F7D915449CB1}.Debug|x86.ActiveCfg = Debug|Any CPU
		{444EA320-59A8-4B2F-9B19-F7D915449CB1}.Debug|x86.Build.0 = Debug|Any CPU
		{444EA320-59A8-4B2F-9B19-F7D915449CB1}.Release|Any CPU.ActiveCfg = Release|Any CPU
		{444EA320-59A8-4B2F-9B19-F7D915449CB1}.Release|Any CPU.Build.0 = Release|Any CPU
		{444EA320-59A8-4B2F-9B19-F7D915449CB1}.Release|x64.ActiveCfg = Release|Any CPU
		{444EA320-59A8-4B2F-9B19-F7D915449CB1}.Release|x64.Build.0 = Release|Any CPU
		{444EA320-59A8-4B2F-9B19-F7D915449CB1}.Release|x86.ActiveCfg = Release|Any CPU
		{444EA320-59A8-4B2F-9B19-F7D915449CB1}.Release|x86.Build.0 = Release|Any CPU
		{9D526713-5049-43FA-82E8-1732BA4FA979}.Debug|Any CPU.ActiveCfg = Debug|Any CPU
		{9D526713-5049-43FA-82E8-1732BA4FA979}.Debug|Any CPU.Build.0 = Debug|Any CPU
		{9D526713-5049-43FA-82E8-1732BA4FA979}.Debug|x64.ActiveCfg = Debug|Any CPU
		{9D526713-5049-43FA-82E8-1732BA4FA979}.Debug|x64.Build.0 = Debug|Any CPU
		{9D526713-5049-43FA-82E8-1732BA4FA979}.Debug|x86.ActiveCfg = Debug|Any CPU
		{9D526713-5049-43FA-82E8-1732BA4FA979}.Debug|x86.Build.0 = Debug|Any CPU
		{9D526713-5049-43FA-82E8-1732BA4FA979}.Release|Any CPU.ActiveCfg = Release|Any CPU
		{9D526713-5049-43FA-82E8-1732BA4FA979}.Release|Any CPU.Build.0 = Release|Any CPU
		{9D526713-5049-43FA-82E8-1732BA4FA979}.Release|x64.ActiveCfg = Release|Any CPU
		{9D526713-5049-43FA-82E8-1732BA4FA979}.Release|x64.Build.0 = Release|Any CPU
		{9D526713-5049-43FA-82E8-1732BA4FA979}.Release|x86.ActiveCfg = Release|Any CPU
		{9D526713-5049-43FA-82E8-1732BA4FA979}.Release|x86.Build.0 = Release|Any CPU
		{5DA327AD-4CD7-4684-B69A-C350B73D6D0E}.Debug|Any CPU.ActiveCfg = Debug|Any CPU
		{5DA327AD-4CD7-4684-B69A-C350B73D6D0E}.Debug|Any CPU.Build.0 = Debug|Any CPU
		{5DA327AD-4CD7-4684-B69A-C350B73D6D0E}.Debug|x64.ActiveCfg = Debug|Any CPU
		{5DA327AD-4CD7-4684-B69A-C350B73D6D0E}.Debug|x64.Build.0 = Debug|Any CPU
		{5DA327AD-4CD7-4684-B69A-C350B73D6D0E}.Debug|x86.ActiveCfg = Debug|Any CPU
		{5DA327AD-4CD7-4684-B69A-C350B73D6D0E}.Debug|x86.Build.0 = Debug|Any CPU
		{5DA327AD-4CD7-4684-B69A-C350B73D6D0E}.Release|Any CPU.ActiveCfg = Release|Any CPU
		{5DA327AD-4CD7-4684-B69A-C350B73D6D0E}.Release|Any CPU.Build.0 = Release|Any CPU
		{5DA327AD-4CD7-4684-B69A-C350B73D6D0E}.Release|x64.ActiveCfg = Release|Any CPU
		{5DA327AD-4CD7-4684-B69A-C350B73D6D0E}.Release|x64.Build.0 = Release|Any CPU
		{5DA327AD-4CD7-4684-B69A-C350B73D6D0E}.Release|x86.ActiveCfg = Release|Any CPU
		{5DA327AD-4CD7-4684-B69A-C350B73D6D0E}.Release|x86.Build.0 = Release|Any CPU
	EndGlobalSection
	GlobalSection(SolutionProperties) = preSolution
		HideSolutionNode = FALSE
	EndGlobalSection
	GlobalSection(NestedProjects) = preSolution
		{76134D58-7FAB-4A80-B255-A65CE1FF974C} = {827E0CD3-B72D-47B6-A68D-7590B98EB39B}
		{4929834A-196A-444D-8B5E-1AACF9BDBBB9} = {827E0CD3-B72D-47B6-A68D-7590B98EB39B}
		{81A5BC14-DDDA-49EF-B238-66161B669931} = {827E0CD3-B72D-47B6-A68D-7590B98EB39B}
		{A90856EF-A7C5-493F-B1C9-E9F5F71B637A} = {827E0CD3-B72D-47B6-A68D-7590B98EB39B}
		{444EA320-59A8-4B2F-9B19-F7D915449CB1} = {5D20AA90-6969-D8BD-9DCD-8634F4692FDA}
		{9D526713-5049-43FA-82E8-1732BA4FA979} = {5D20AA90-6969-D8BD-9DCD-8634F4692FDA}
		{5DA327AD-4CD7-4684-B69A-C350B73D6D0E} = {827E0CD3-B72D-47B6-A68D-7590B98EB39B}
	EndGlobalSection
EndGlobal
